
Microsoft Visual Studio Solution File, Format Version 12.00
# Visual Studio 15
VisualStudioVersion = 15.0.27130.2036
MinimumVisualStudioVersion = 10.0.40219.1
Project("{FAE04EC0-301F-11D3-BF4B-00C04F79EFBC}") = "Search.Android", "Search\Search.Android\Search.Android.csproj", "{601F0E33-12F7-4140-8D72-EA9E8CB4A8C0}"
EndProject
Project("{FAE04EC0-301F-11D3-BF4B-00C04F79EFBC}") = "Search.iOS", "Search\Search.iOS\Search.iOS.csproj", "{0E34B91C-4DD4-4C02-8AEF-FA395AAE5FD0}"
EndProject
Project("{FAE04EC0-301F-11D3-BF4B-00C04F79EFBC}") = "Search.UWP", "Search\Search.UWP\Search.UWP.csproj", "{921139E3-19D9-4D0E-89C6-5EB078BE5200}"
EndProject
Project("{FAE04EC0-301F-11D3-BF4B-00C04F79EFBC}") = "Search", "Search\Search\Search.csproj", "{AFFC779A-95A4-4400-8D98-06DBF99E9C55}"
EndProject
Global
	GlobalSection(SolutionConfigurationPlatforms) = preSolution
		Ad-Hoc|Any CPU = Ad-Hoc|Any CPU
		Ad-Hoc|ARM = Ad-Hoc|ARM
		Ad-Hoc|iPhone = Ad-Hoc|iPhone
		Ad-Hoc|iPhoneSimulator = Ad-Hoc|iPhoneSimulator
		Ad-Hoc|x64 = Ad-Hoc|x64
		Ad-Hoc|x86 = Ad-Hoc|x86
		AppStore|Any CPU = AppStore|Any CPU
		AppStore|ARM = AppStore|ARM
		AppStore|iPhone = AppStore|iPhone
		AppStore|iPhoneSimulator = AppStore|iPhoneSimulator
		AppStore|x64 = AppStore|x64
		AppStore|x86 = AppStore|x86
		Debug|Any CPU = Debug|Any CPU
		Debug|ARM = Debug|ARM
		Debug|iPhone = Debug|iPhone
		Debug|iPhoneSimulator = Debug|iPhoneSimulator
		Debug|x64 = Debug|x64
		Debug|x86 = Debug|x86
		Release|Any CPU = Release|Any CPU
		Release|ARM = Release|ARM
		Release|iPhone = Release|iPhone
		Release|iPhoneSimulator = Release|iPhoneSimulator
		Release|x64 = Release|x64
		Release|x86 = Release|x86
	EndGlobalSection
	GlobalSection(ProjectConfigurationPlatforms) = postSolution
		{601F0E33-12F7-4140-8D72-EA9E8CB4A8C0}.Ad-Hoc|Any CPU.ActiveCfg = Release|Any CPU
		{601F0E33-12F7-4140-8D72-EA9E8CB4A8C0}.Ad-Hoc|Any CPU.Build.0 = Release|Any CPU
		{601F0E33-12F7-4140-8D72-EA9E8CB4A8C0}.Ad-Hoc|Any CPU.Deploy.0 = Release|Any CPU
		{601F0E33-12F7-4140-8D72-EA9E8CB4A8C0}.Ad-Hoc|ARM.ActiveCfg = Release|Any CPU
		{601F0E33-12F7-4140-8D72-EA9E8CB4A8C0}.Ad-Hoc|ARM.Build.0 = Release|Any CPU
		{601F0E33-12F7-4140-8D72-EA9E8CB4A8C0}.Ad-Hoc|ARM.Deploy.0 = Release|Any CPU
		{601F0E33-12F7-4140-8D72-EA9E8CB4A8C0}.Ad-Hoc|iPhone.ActiveCfg = Release|Any CPU
		{601F0E33-12F7-4140-8D72-EA9E8CB4A8C0}.Ad-Hoc|iPhone.Build.0 = Release|Any CPU
		{601F0E33-12F7-4140-8D72-EA9E8CB4A8C0}.Ad-Hoc|iPhone.Deploy.0 = Release|Any CPU
		{601F0E33-12F7-4140-8D72-EA9E8CB4A8C0}.Ad-Hoc|iPhoneSimulator.ActiveCfg = Release|Any CPU
		{601F0E33-12F7-4140-8D72-EA9E8CB4A8C0}.Ad-Hoc|iPhoneSimulator.Build.0 = Release|Any CPU
		{601F0E33-12F7-4140-8D72-EA9E8CB4A8C0}.Ad-Hoc|iPhoneSimulator.Deploy.0 = Release|Any CPU
		{601F0E33-12F7-4140-8D72-EA9E8CB4A8C0}.Ad-Hoc|x64.ActiveCfg = Release|Any CPU
		{601F0E33-12F7-4140-8D72-EA9E8CB4A8C0}.Ad-Hoc|x64.Build.0 = Release|Any CPU
		{601F0E33-12F7-4140-8D72-EA9E8CB4A8C0}.Ad-Hoc|x64.Deploy.0 = Release|Any CPU
		{601F0E33-12F7-4140-8D72-EA9E8CB4A8C0}.Ad-Hoc|x86.ActiveCfg = Release|Any CPU
		{601F0E33-12F7-4140-8D72-EA9E8CB4A8C0}.Ad-Hoc|x86.Build.0 = Release|Any CPU
		{601F0E33-12F7-4140-8D72-EA9E8CB4A8C0}.Ad-Hoc|x86.Deploy.0 = Release|Any CPU
		{601F0E33-12F7-4140-8D72-EA9E8CB4A8C0}.AppStore|Any CPU.ActiveCfg = Release|Any CPU
		{601F0E33-12F7-4140-8D72-EA9E8CB4A8C0}.AppStore|Any CPU.Build.0 = Release|Any CPU
		{601F0E33-12F7-4140-8D72-EA9E8CB4A8C0}.AppStore|Any CPU.Deploy.0 = Release|Any CPU
		{601F0E33-12F7-4140-8D72-EA9E8CB4A8C0}.AppStore|ARM.ActiveCfg = Release|Any CPU
		{601F0E33-12F7-4140-8D72-EA9E8CB4A8C0}.AppStore|ARM.Build.0 = Release|Any CPU
		{601F0E33-12F7-4140-8D72-EA9E8CB4A8C0}.AppStore|ARM.Deploy.0 = Release|Any CPU
		{601F0E33-12F7-4140-8D72-EA9E8CB4A8C0}.AppStore|iPhone.ActiveCfg = Release|Any CPU
		{601F0E33-12F7-4140-8D72-EA9E8CB4A8C0}.AppStore|iPhone.Build.0 = Release|Any CPU
		{601F0E33-12F7-4140-8D72-EA9E8CB4A8C0}.AppStore|iPhone.Deploy.0 = Release|Any CPU
		{601F0E33-12F7-4140-8D72-EA9E8CB4A8C0}.AppStore|iPhoneSimulator.ActiveCfg = Release|Any CPU
		{601F0E33-12F7-4140-8D72-EA9E8CB4A8C0}.AppStore|iPhoneSimulator.Build.0 = Release|Any CPU
		{601F0E33-12F7-4140-8D72-EA9E8CB4A8C0}.AppStore|iPhoneSimulator.Deploy.0 = Release|Any CPU
		{601F0E33-12F7-4140-8D72-EA9E8CB4A8C0}.AppStore|x64.ActiveCfg = Release|Any CPU
		{601F0E33-12F7-4140-8D72-EA9E8CB4A8C0}.AppStore|x64.Build.0 = Release|Any CPU
		{601F0E33-12F7-4140-8D72-EA9E8CB4A8C0}.AppStore|x64.Deploy.0 = Release|Any CPU
		{601F0E33-12F7-4140-8D72-EA9E8CB4A8C0}.AppStore|x86.ActiveCfg = Release|Any CPU
		{601F0E33-12F7-4140-8D72-EA9E8CB4A8C0}.AppStore|x86.Build.0 = Release|Any CPU
		{601F0E33-12F7-4140-8D72-EA9E8CB4A8C0}.AppStore|x86.Deploy.0 = Release|Any CPU
		{601F0E33-12F7-4140-8D72-EA9E8CB4A8C0}.Debug|Any CPU.ActiveCfg = Debug|Any CPU
		{601F0E33-12F7-4140-8D72-EA9E8CB4A8C0}.Debug|Any CPU.Build.0 = Debug|Any CPU
		{601F0E33-12F7-4140-8D72-EA9E8CB4A8C0}.Debug|Any CPU.Deploy.0 = Debug|Any CPU
		{601F0E33-12F7-4140-8D72-EA9E8CB4A8C0}.Debug|ARM.ActiveCfg = Debug|Any CPU
		{601F0E33-12F7-4140-8D72-EA9E8CB4A8C0}.Debug|ARM.Build.0 = Debug|Any CPU
		{601F0E33-12F7-4140-8D72-EA9E8CB4A8C0}.Debug|ARM.Deploy.0 = Debug|Any CPU
		{601F0E33-12F7-4140-8D72-EA9E8CB4A8C0}.Debug|iPhone.ActiveCfg = Debug|Any CPU
		{601F0E33-12F7-4140-8D72-EA9E8CB4A8C0}.Debug|iPhone.Build.0 = Debug|Any CPU
		{601F0E33-12F7-4140-8D72-EA9E8CB4A8C0}.Debug|iPhone.Deploy.0 = Debug|Any CPU
		{601F0E33-12F7-4140-8D72-EA9E8CB4A8C0}.Debug|iPhoneSimulator.ActiveCfg = Debug|Any CPU
		{601F0E33-12F7-4140-8D72-EA9E8CB4A8C0}.Debug|iPhoneSimulator.Build.0 = Debug|Any CPU
		{601F0E33-12F7-4140-8D72-EA9E8CB4A8C0}.Debug|iPhoneSimulator.Deploy.0 = Debug|Any CPU
		{601F0E33-12F7-4140-8D72-EA9E8CB4A8C0}.Debug|x64.ActiveCfg = Debug|Any CPU
		{601F0E33-12F7-4140-8D72-EA9E8CB4A8C0}.Debug|x64.Build.0 = Debug|Any CPU
		{601F0E33-12F7-4140-8D72-EA9E8CB4A8C0}.Debug|x64.Deploy.0 = Debug|Any CPU
		{601F0E33-12F7-4140-8D72-EA9E8CB4A8C0}.Debug|x86.ActiveCfg = Debug|Any CPU
		{601F0E33-12F7-4140-8D72-EA9E8CB4A8C0}.Debug|x86.Build.0 = Debug|Any CPU
		{601F0E33-12F7-4140-8D72-EA9E8CB4A8C0}.Debug|x86.Deploy.0 = Debug|Any CPU
		{601F0E33-12F7-4140-8D72-EA9E8CB4A8C0}.Release|Any CPU.ActiveCfg = Release|Any CPU
		{601F0E33-12F7-4140-8D72-EA9E8CB4A8C0}.Release|Any CPU.Build.0 = Release|Any CPU
		{601F0E33-12F7-4140-8D72-EA9E8CB4A8C0}.Release|Any CPU.Deploy.0 = Release|Any CPU
		{601F0E33-12F7-4140-8D72-EA9E8CB4A8C0}.Release|ARM.ActiveCfg = Release|Any CPU
		{601F0E33-12F7-4140-8D72-EA9E8CB4A8C0}.Release|ARM.Build.0 = Release|Any CPU
		{601F0E33-12F7-4140-8D72-EA9E8CB4A8C0}.Release|ARM.Deploy.0 = Release|Any CPU
		{601F0E33-12F7-4140-8D72-EA9E8CB4A8C0}.Release|iPhone.ActiveCfg = Release|Any CPU
		{601F0E33-12F7-4140-8D72-EA9E8CB4A8C0}.Release|iPhone.Build.0 = Release|Any CPU
		{601F0E33-12F7-4140-8D72-EA9E8CB4A8C0}.Release|iPhone.Deploy.0 = Release|Any CPU
		{601F0E33-12F7-4140-8D72-EA9E8CB4A8C0}.Release|iPhoneSimulator.ActiveCfg = Release|Any CPU
		{601F0E33-12F7-4140-8D72-EA9E8CB4A8C0}.Release|iPhoneSimulator.Build.0 = Release|Any CPU
		{601F0E33-12F7-4140-8D72-EA9E8CB4A8C0}.Release|iPhoneSimulator.Deploy.0 = Release|Any CPU
		{601F0E33-12F7-4140-8D72-EA9E8CB4A8C0}.Release|x64.ActiveCfg = Release|Any CPU
		{601F0E33-12F7-4140-8D72-EA9E8CB4A8C0}.Release|x64.Build.0 = Release|Any CPU
		{601F0E33-12F7-4140-8D72-EA9E8CB4A8C0}.Release|x64.Deploy.0 = Release|Any CPU
		{601F0E33-12F7-4140-8D72-EA9E8CB4A8C0}.Release|x86.ActiveCfg = Release|Any CPU
		{601F0E33-12F7-4140-8D72-EA9E8CB4A8C0}.Release|x86.Build.0 = Release|Any CPU
		{601F0E33-12F7-4140-8D72-EA9E8CB4A8C0}.Release|x86.Deploy.0 = Release|Any CPU
		{0E34B91C-4DD4-4C02-8AEF-FA395AAE5FD0}.Ad-Hoc|Any CPU.ActiveCfg = Ad-Hoc|iPhone
		{0E34B91C-4DD4-4C02-8AEF-FA395AAE5FD0}.Ad-Hoc|ARM.ActiveCfg = Ad-Hoc|iPhone
		{0E34B91C-4DD4-4C02-8AEF-FA395AAE5FD0}.Ad-Hoc|iPhone.ActiveCfg = Ad-Hoc|iPhone
		{0E34B91C-4DD4-4C02-8AEF-FA395AAE5FD0}.Ad-Hoc|iPhone.Build.0 = Ad-Hoc|iPhone
		{0E34B91C-4DD4-4C02-8AEF-FA395AAE5FD0}.Ad-Hoc|iPhoneSimulator.ActiveCfg = Ad-Hoc|iPhoneSimulator
		{0E34B91C-4DD4-4C02-8AEF-FA395AAE5FD0}.Ad-Hoc|iPhoneSimulator.Build.0 = Ad-Hoc|iPhoneSimulator
		{0E34B91C-4DD4-4C02-8AEF-FA395AAE5FD0}.Ad-Hoc|x64.ActiveCfg = Ad-Hoc|iPhone
		{0E34B91C-4DD4-4C02-8AEF-FA395AAE5FD0}.Ad-Hoc|x86.ActiveCfg = Ad-Hoc|iPhone
		{0E34B91C-4DD4-4C02-8AEF-FA395AAE5FD0}.AppStore|Any CPU.ActiveCfg = AppStore|iPhone
		{0E34B91C-4DD4-4C02-8AEF-FA395AAE5FD0}.AppStore|ARM.ActiveCfg = AppStore|iPhone
		{0E34B91C-4DD4-4C02-8AEF-FA395AAE5FD0}.AppStore|iPhone.ActiveCfg = AppStore|iPhone
		{0E34B91C-4DD4-4C02-8AEF-FA395AAE5FD0}.AppStore|iPhone.Build.0 = AppStore|iPhone
		{0E34B91C-4DD4-4C02-8AEF-FA395AAE5FD0}.AppStore|iPhoneSimulator.ActiveCfg = AppStore|iPhoneSimulator
		{0E34B91C-4DD4-4C02-8AEF-FA395AAE5FD0}.AppStore|iPhoneSimulator.Build.0 = AppStore|iPhoneSimulator
		{0E34B91C-4DD4-4C02-8AEF-FA395AAE5FD0}.AppStore|x64.ActiveCfg = AppStore|iPhone
		{0E34B91C-4DD4-4C02-8AEF-FA395AAE5FD0}.AppStore|x86.ActiveCfg = AppStore|iPhone
		{0E34B91C-4DD4-4C02-8AEF-FA395AAE5FD0}.Debug|Any CPU.ActiveCfg = Debug|iPhone
		{0E34B91C-4DD4-4C02-8AEF-FA395AAE5FD0}.Debug|ARM.ActiveCfg = Debug|iPhone
		{0E34B91C-4DD4-4C02-8AEF-FA395AAE5FD0}.Debug|iPhone.ActiveCfg = Debug|iPhone
		{0E34B91C-4DD4-4C02-8AEF-FA395AAE5FD0}.Debug|iPhone.Build.0 = Debug|iPhone
		{0E34B91C-4DD4-4C02-8AEF-FA395AAE5FD0}.Debug|iPhoneSimulator.ActiveCfg = Debug|iPhoneSimulator
		{0E34B91C-4DD4-4C02-8AEF-FA395AAE5FD0}.Debug|iPhoneSimulator.Build.0 = Debug|iPhoneSimulator
		{0E34B91C-4DD4-4C02-8AEF-FA395AAE5FD0}.Debug|x64.ActiveCfg = Debug|iPhone
		{0E34B91C-4DD4-4C02-8AEF-FA395AAE5FD0}.Debug|x86.ActiveCfg = Debug|iPhone
		{0E34B91C-4DD4-4C02-8AEF-FA395AAE5FD0}.Release|Any CPU.ActiveCfg = Release|iPhone
		{0E34B91C-4DD4-4C02-8AEF-FA395AAE5FD0}.Release|ARM.ActiveCfg = Release|iPhone
		{0E34B91C-4DD4-4C02-8AEF-FA395AAE5FD0}.Release|iPhone.ActiveCfg = Release|iPhone
		{0E34B91C-4DD4-4C02-8AEF-FA395AAE5FD0}.Release|iPhone.Build.0 = Release|iPhone
		{0E34B91C-4DD4-4C02-8AEF-FA395AAE5FD0}.Release|iPhoneSimulator.ActiveCfg = Release|iPhoneSimulator
		{0E34B91C-4DD4-4C02-8AEF-FA395AAE5FD0}.Release|iPhoneSimulator.Build.0 = Release|iPhoneSimulator
		{0E34B91C-4DD4-4C02-8AEF-FA395AAE5FD0}.Release|x64.ActiveCfg = Release|iPhone
		{0E34B91C-4DD4-4C02-8AEF-FA395AAE5FD0}.Release|x86.ActiveCfg = Release|iPhone
		{921139E3-19D9-4D0E-89C6-5EB078BE5200}.Ad-Hoc|Any CPU.ActiveCfg = Release|x86
		{921139E3-19D9-4D0E-89C6-5EB078BE5200}.Ad-Hoc|Any CPU.Build.0 = Release|x86
		{921139E3-19D9-4D0E-89C6-5EB078BE5200}.Ad-Hoc|Any CPU.Deploy.0 = Release|x86
		{921139E3-19D9-4D0E-89C6-5EB078BE5200}.Ad-Hoc|ARM.ActiveCfg = Release|ARM
		{921139E3-19D9-4D0E-89C6-5EB078BE5200}.Ad-Hoc|ARM.Build.0 = Release|ARM
		{921139E3-19D9-4D0E-89C6-5EB078BE5200}.Ad-Hoc|ARM.Deploy.0 = Release|ARM
		{921139E3-19D9-4D0E-89C6-5EB078BE5200}.Ad-Hoc|iPhone.ActiveCfg = Release|x86
		{921139E3-19D9-4D0E-89C6-5EB078BE5200}.Ad-Hoc|iPhone.Build.0 = Release|x86
		{921139E3-19D9-4D0E-89C6-5EB078BE5200}.Ad-Hoc|iPhone.Deploy.0 = Release|x86
		{921139E3-19D9-4D0E-89C6-5EB078BE5200}.Ad-Hoc|iPhoneSimulator.ActiveCfg = Release|x86
		{921139E3-19D9-4D0E-89C6-5EB078BE5200}.Ad-Hoc|iPhoneSimulator.Build.0 = Release|x86
		{921139E3-19D9-4D0E-89C6-5EB078BE5200}.Ad-Hoc|iPhoneSimulator.Deploy.0 = Release|x86
		{921139E3-19D9-4D0E-89C6-5EB078BE5200}.Ad-Hoc|x64.ActiveCfg = Release|x64
		{921139E3-19D9-4D0E-89C6-5EB078BE5200}.Ad-Hoc|x64.Build.0 = Release|x64
		{921139E3-19D9-4D0E-89C6-5EB078BE5200}.Ad-Hoc|x64.Deploy.0 = Release|x64
		{921139E3-19D9-4D0E-89C6-5EB078BE5200}.Ad-Hoc|x86.ActiveCfg = Release|x86
		{921139E3-19D9-4D0E-89C6-5EB078BE5200}.Ad-Hoc|x86.Build.0 = Release|x86
		{921139E3-19D9-4D0E-89C6-5EB078BE5200}.Ad-Hoc|x86.Deploy.0 = Release|x86
		{921139E3-19D9-4D0E-89C6-5EB078BE5200}.AppStore|Any CPU.ActiveCfg = Release|x86
		{921139E3-19D9-4D0E-89C6-5EB078BE5200}.AppStore|Any CPU.Build.0 = Release|x86
		{921139E3-19D9-4D0E-89C6-5EB078BE5200}.AppStore|Any CPU.Deploy.0 = Release|x86
		{921139E3-19D9-4D0E-89C6-5EB078BE5200}.AppStore|ARM.ActiveCfg = Release|ARM
		{921139E3-19D9-4D0E-89C6-5EB078BE5200}.AppStore|ARM.Build.0 = Release|ARM
		{921139E3-19D9-4D0E-89C6-5EB078BE5200}.AppStore|ARM.Deploy.0 = Release|ARM
		{921139E3-19D9-4D0E-89C6-5EB078BE5200}.AppStore|iPhone.ActiveCfg = Release|x86
		{921139E3-19D9-4D0E-89C6-5EB078BE5200}.AppStore|iPhone.Build.0 = Release|x86
		{921139E3-19D9-4D0E-89C6-5EB078BE5200}.AppStore|iPhone.Deploy.0 = Release|x86
		{921139E3-19D9-4D0E-89C6-5EB078BE5200}.AppStore|iPhoneSimulator.ActiveCfg = Release|x86
		{921139E3-19D9-4D0E-89C6-5EB078BE5200}.AppStore|iPhoneSimulator.Build.0 = Release|x86
		{921139E3-19D9-4D0E-89C6-5EB078BE5200}.AppStore|iPhoneSimulator.Deploy.0 = Release|x86
		{921139E3-19D9-4D0E-89C6-5EB078BE5200}.AppStore|x64.ActiveCfg = Release|x64
		{921139E3-19D9-4D0E-89C6-5EB078BE5200}.AppStore|x64.Build.0 = Release|x64
		{921139E3-19D9-4D0E-89C6-5EB078BE5200}.AppStore|x64.Deploy.0 = Release|x64
		{921139E3-19D9-4D0E-89C6-5EB078BE5200}.AppStore|x86.ActiveCfg = Release|x86
		{921139E3-19D9-4D0E-89C6-5EB078BE5200}.AppStore|x86.Build.0 = Release|x86
		{921139E3-19D9-4D0E-89C6-5EB078BE5200}.AppStore|x86.Deploy.0 = Release|x86
		{921139E3-19D9-4D0E-89C6-5EB078BE5200}.Debug|Any CPU.ActiveCfg = Debug|x86
		{921139E3-19D9-4D0E-89C6-5EB078BE5200}.Debug|ARM.ActiveCfg = Debug|ARM
		{921139E3-19D9-4D0E-89C6-5EB078BE5200}.Debug|ARM.Build.0 = Debug|ARM
		{921139E3-19D9-4D0E-89C6-5EB078BE5200}.Debug|ARM.Deploy.0 = Debug|ARM
		{921139E3-19D9-4D0E-89C6-5EB078BE5200}.Debug|iPhone.ActiveCfg = Debug|x86
		{921139E3-19D9-4D0E-89C6-5EB078BE5200}.Debug|iPhoneSimulator.ActiveCfg = Debug|x86
		{921139E3-19D9-4D0E-89C6-5EB078BE5200}.Debug|x64.ActiveCfg = Debug|x64
		{921139E3-19D9-4D0E-89C6-5EB078BE5200}.Debug|x64.Build.0 = Debug|x64
		{921139E3-19D9-4D0E-89C6-5EB078BE5200}.Debug|x64.Deploy.0 = Debug|x64
		{921139E3-19D9-4D0E-89C6-5EB078BE5200}.Debug|x86.ActiveCfg = Debug|x86
		{921139E3-19D9-4D0E-89C6-5EB078BE5200}.Debug|x86.Build.0 = Debug|x86
		{921139E3-19D9-4D0E-89C6-5EB078BE5200}.Debug|x86.Deploy.0 = Debug|x86
		{921139E3-19D9-4D0E-89C6-5EB078BE5200}.Release|Any CPU.ActiveCfg = Release|x86
		{921139E3-19D9-4D0E-89C6-5EB078BE5200}.Release|ARM.ActiveCfg = Release|ARM
		{921139E3-19D9-4D0E-89C6-5EB078BE5200}.Release|ARM.Build.0 = Release|ARM
		{921139E3-19D9-4D0E-89C6-5EB078BE5200}.Release|ARM.Deploy.0 = Release|ARM
		{921139E3-19D9-4D0E-89C6-5EB078BE5200}.Release|iPhone.ActiveCfg = Release|x86
		{921139E3-19D9-4D0E-89C6-5EB078BE5200}.Release|iPhoneSimulator.ActiveCfg = Release|x86
		{921139E3-19D9-4D0E-89C6-5EB078BE5200}.Release|x64.ActiveCfg = Release|x64
		{921139E3-19D9-4D0E-89C6-5EB078BE5200}.Release|x64.Build.0 = Release|x64
		{921139E3-19D9-4D0E-89C6-5EB078BE5200}.Release|x64.Deploy.0 = Release|x64
		{921139E3-19D9-4D0E-89C6-5EB078BE5200}.Release|x86.ActiveCfg = Release|x86
		{921139E3-19D9-4D0E-89C6-5EB078BE5200}.Release|x86.Build.0 = Release|x86
		{921139E3-19D9-4D0E-89C6-5EB078BE5200}.Release|x86.Deploy.0 = Release|x86
		{AFFC779A-95A4-4400-8D98-06DBF99E9C55}.Ad-Hoc|Any CPU.ActiveCfg = Debug|Any CPU
		{AFFC779A-95A4-4400-8D98-06DBF99E9C55}.Ad-Hoc|Any CPU.Build.0 = Debug|Any CPU
		{AFFC779A-95A4-4400-8D98-06DBF99E9C55}.Ad-Hoc|ARM.ActiveCfg = Debug|Any CPU
		{AFFC779A-95A4-4400-8D98-06DBF99E9C55}.Ad-Hoc|ARM.Build.0 = Debug|Any CPU
		{AFFC779A-95A4-4400-8D98-06DBF99E9C55}.Ad-Hoc|iPhone.ActiveCfg = Debug|Any CPU
		{AFFC779A-95A4-4400-8D98-06DBF99E9C55}.Ad-Hoc|iPhone.Build.0 = Debug|Any CPU
		{AFFC779A-95A4-4400-8D98-06DBF99E9C55}.Ad-Hoc|iPhoneSimulator.ActiveCfg = Debug|Any CPU
		{AFFC779A-95A4-4400-8D98-06DBF99E9C55}.Ad-Hoc|iPhoneSimulator.Build.0 = Debug|Any CPU
		{AFFC779A-95A4-4400-8D98-06DBF99E9C55}.Ad-Hoc|x64.ActiveCfg = Debug|Any CPU
		{AFFC779A-95A4-4400-8D98-06DBF99E9C55}.Ad-Hoc|x64.Build.0 = Debug|Any CPU
		{AFFC779A-95A4-4400-8D98-06DBF99E9C55}.Ad-Hoc|x86.ActiveCfg = Debug|Any CPU
		{AFFC779A-95A4-4400-8D98-06DBF99E9C55}.Ad-Hoc|x86.Build.0 = Debug|Any CPU
		{AFFC779A-95A4-4400-8D98-06DBF99E9C55}.AppStore|Any CPU.ActiveCfg = Debug|Any CPU
		{AFFC779A-95A4-4400-8D98-06DBF99E9C55}.AppStore|Any CPU.Build.0 = Debug|Any CPU
		{AFFC779A-95A4-4400-8D98-06DBF99E9C55}.AppStore|ARM.ActiveCfg = Debug|Any CPU
		{AFFC779A-95A4-4400-8D98-06DBF99E9C55}.AppStore|ARM.Build.0 = Debug|Any CPU
		{AFFC779A-95A4-4400-8D98-06DBF99E9C55}.AppStore|iPhone.ActiveCfg = Debug|Any CPU
		{AFFC779A-95A4-4400-8D98-06DBF99E9C55}.AppStore|iPhone.Build.0 = Debug|Any CPU
		{AFFC779A-95A4-4400-8D98-06DBF99E9C55}.AppStore|iPhoneSimulator.ActiveCfg = Debug|Any CPU
		{AFFC779A-95A4-4400-8D98-06DBF99E9C55}.AppStore|iPhoneSimulator.Build.0 = Debug|Any CPU
		{AFFC779A-95A4-4400-8D98-06DBF99E9C55}.AppStore|x64.ActiveCfg = Debug|Any CPU
		{AFFC779A-95A4-4400-8D98-06DBF99E9C55}.AppStore|x64.Build.0 = Debug|Any CPU
		{AFFC779A-95A4-4400-8D98-06DBF99E9C55}.AppStore|x86.ActiveCfg = Debug|Any CPU
		{AFFC779A-95A4-4400-8D98-06DBF99E9C55}.AppStore|x86.Build.0 = Debug|Any CPU
		{AFFC779A-95A4-4400-8D98-06DBF99E9C55}.Debug|Any CPU.ActiveCfg = Debug|Any CPU
		{AFFC779A-95A4-4400-8D98-06DBF99E9C55}.Debug|Any CPU.Build.0 = Debug|Any CPU
		{AFFC779A-95A4-4400-8D98-06DBF99E9C55}.Debug|ARM.ActiveCfg = Debug|Any CPU
		{AFFC779A-95A4-4400-8D98-06DBF99E9C55}.Debug|ARM.Build.0 = Debug|Any CPU
		{AFFC779A-95A4-4400-8D98-06DBF99E9C55}.Debug|iPhone.ActiveCfg = Debug|Any CPU
		{AFFC779A-95A4-4400-8D98-06DBF99E9C55}.Debug|iPhone.Build.0 = Debug|Any CPU
		{AFFC779A-95A4-4400-8D98-06DBF99E9C55}.Debug|iPhoneSimulator.ActiveCfg = Debug|Any CPU
		{AFFC779A-95A4-4400-8D98-06DBF99E9C55}.Debug|iPhoneSimulator.Build.0 = Debug|Any CPU
		{AFFC779A-95A4-4400-8D98-06DBF99E9C55}.Debug|x64.ActiveCfg = Debug|Any CPU
		{AFFC779A-95A4-4400-8D98-06DBF99E9C55}.Debug|x64.Build.0 = Debug|Any CPU
		{AFFC779A-95A4-4400-8D98-06DBF99E9C55}.Debug|x86.ActiveCfg = Debug|Any CPU
		{AFFC779A-95A4-4400-8D98-06DBF99E9C55}.Debug|x86.Build.0 = Debug|Any CPU
		{AFFC779A-95A4-4400-8D98-06DBF99E9C55}.Release|Any CPU.ActiveCfg = Release|Any CPU
		{AFFC779A-95A4-4400-8D98-06DBF99E9C55}.Release|Any CPU.Build.0 = Release|Any CPU
		{AFFC779A-95A4-4400-8D98-06DBF99E9C55}.Release|ARM.ActiveCfg = Release|Any CPU
		{AFFC779A-95A4-4400-8D98-06DBF99E9C55}.Release|ARM.Build.0 = Release|Any CPU
		{AFFC779A-95A4-4400-8D98-06DBF99E9C55}.Release|iPhone.ActiveCfg = Release|Any CPU
		{AFFC779A-95A4-4400-8D98-06DBF99E9C55}.Release|iPhone.Build.0 = Release|Any CPU
		{AFFC779A-95A4-4400-8D98-06DBF99E9C55}.Release|iPhoneSimulator.ActiveCfg = Release|Any CPU
		{AFFC779A-95A4-4400-8D98-06DBF99E9C55}.Release|iPhoneSimulator.Build.0 = Release|Any CPU
		{AFFC779A-95A4-4400-8D98-06DBF99E9C55}.Release|x64.ActiveCfg = Release|Any CPU
		{AFFC779A-95A4-4400-8D98-06DBF99E9C55}.Release|x64.Build.0 = Release|Any CPU
		{AFFC779A-95A4-4400-8D98-06DBF99E9C55}.Release|x86.ActiveCfg = Release|Any CPU
		{AFFC779A-95A4-4400-8D98-06DBF99E9C55}.Release|x86.Build.0 = Release|Any CPU
	EndGlobalSection
	GlobalSection(SolutionProperties) = preSolution
		HideSolutionNode = FALSE
	EndGlobalSection
	GlobalSection(ExtensibilityGlobals) = postSolution
		SolutionGuid = {6C487310-B7FA-4B6F-B6D0-CE959F25323A}
	EndGlobalSection
EndGlobal
